
Microsoft Visual Studio Solution File, Format Version 12.00
# Visual Studio 15
VisualStudioVersion = 15.0.28010.2036
MinimumVisualStudioVersion = 10.0.40219.1
Project("{FAE04EC0-301F-11D3-BF4B-00C04F79EFBC}") = "BookSwap.Android", "BookSwap\BookSwap.Android\BookSwap.Android.csproj", "{9CD7C6BD-BD97-4A61-A754-1C91F2784BF2}"
EndProject
Project("{FAE04EC0-301F-11D3-BF4B-00C04F79EFBC}") = "BookSwap.iOS", "BookSwap\BookSwap.iOS\BookSwap.iOS.csproj", "{C5509C48-121E-41FB-95BC-C68FFEB9E8E6}"
EndProject
Project("{FAE04EC0-301F-11D3-BF4B-00C04F79EFBC}") = "BookSwap", "BookSwap\BookSwap\BookSwap.csproj", "{6388321C-F082-4864-B6CC-2332C55DBF0D}"
EndProject
Global
	GlobalSection(SolutionConfigurationPlatforms) = preSolution
		Ad-Hoc|Any CPU = Ad-Hoc|Any CPU
		Ad-Hoc|iPhone = Ad-Hoc|iPhone
		Ad-Hoc|iPhoneSimulator = Ad-Hoc|iPhoneSimulator
		AppStore|Any CPU = AppStore|Any CPU
		AppStore|iPhone = AppStore|iPhone
		AppStore|iPhoneSimulator = AppStore|iPhoneSimulator
		Debug|Any CPU = Debug|Any CPU
		Debug|iPhone = Debug|iPhone
		Debug|iPhoneSimulator = Debug|iPhoneSimulator
		Release|Any CPU = Release|Any CPU
		Release|iPhone = Release|iPhone
		Release|iPhoneSimulator = Release|iPhoneSimulator
	EndGlobalSection
	GlobalSection(ProjectConfigurationPlatforms) = postSolution
		{9CD7C6BD-BD97-4A61-A754-1C91F2784BF2}.Ad-Hoc|Any CPU.ActiveCfg = Release|Any CPU
		{9CD7C6BD-BD97-4A61-A754-1C91F2784BF2}.Ad-Hoc|Any CPU.Build.0 = Release|Any CPU
		{9CD7C6BD-BD97-4A61-A754-1C91F2784BF2}.Ad-Hoc|Any CPU.Deploy.0 = Release|Any CPU
		{9CD7C6BD-BD97-4A61-A754-1C91F2784BF2}.Ad-Hoc|iPhone.ActiveCfg = Release|Any CPU
		{9CD7C6BD-BD97-4A61-A754-1C91F2784BF2}.Ad-Hoc|iPhone.Build.0 = Release|Any CPU
		{9CD7C6BD-BD97-4A61-A754-1C91F2784BF2}.Ad-Hoc|iPhone.Deploy.0 = Release|Any CPU
		{9CD7C6BD-BD97-4A61-A754-1C91F2784BF2}.Ad-Hoc|iPhoneSimulator.ActiveCfg = Release|Any CPU
		{9CD7C6BD-BD97-4A61-A754-1C91F2784BF2}.Ad-Hoc|iPhoneSimulator.Build.0 = Release|Any CPU
		{9CD7C6BD-BD97-4A61-A754-1C91F2784BF2}.Ad-Hoc|iPhoneSimulator.Deploy.0 = Release|Any CPU
		{9CD7C6BD-BD97-4A61-A754-1C91F2784BF2}.AppStore|Any CPU.ActiveCfg = Release|Any CPU
		{9CD7C6BD-BD97-4A61-A754-1C91F2784BF2}.AppStore|Any CPU.Build.0 = Release|Any CPU
		{9CD7C6BD-BD97-4A61-A754-1C91F2784BF2}.AppStore|Any CPU.Deploy.0 = Release|Any CPU
		{9CD7C6BD-BD97-4A61-A754-1C91F2784BF2}.AppStore|iPhone.ActiveCfg = Release|Any CPU
		{9CD7C6BD-BD97-4A61-A754-1C91F2784BF2}.AppStore|iPhone.Build.0 = Release|Any CPU
		{9CD7C6BD-BD97-4A61-A754-1C91F2784BF2}.AppStore|iPhone.Deploy.0 = Release|Any CPU
		{9CD7C6BD-BD97-4A61-A754-1C91F2784BF2}.AppStore|iPhoneSimulator.ActiveCfg = Release|Any CPU
		{9CD7C6BD-BD97-4A61-A754-1C91F2784BF2}.AppStore|iPhoneSimulator.Build.0 = Release|Any CPU
		{9CD7C6BD-BD97-4A61-A754-1C91F2784BF2}.AppStore|iPhoneSimulator.Deploy.0 = Release|Any CPU
		{9CD7C6BD-BD97-4A61-A754-1C91F2784BF2}.Debug|Any CPU.ActiveCfg = Debug|Any CPU
		{9CD7C6BD-BD97-4A61-A754-1C91F2784BF2}.Debug|Any CPU.Build.0 = Debug|Any CPU
		{9CD7C6BD-BD97-4A61-A754-1C91F2784BF2}.Debug|Any CPU.Deploy.0 = Debug|Any CPU
		{9CD7C6BD-BD97-4A61-A754-1C91F2784BF2}.Debug|iPhone.ActiveCfg = Debug|Any CPU
		{9CD7C6BD-BD97-4A61-A754-1C91F2784BF2}.Debug|iPhone.Build.0 = Debug|Any CPU
		{9CD7C6BD-BD97-4A61-A754-1C91F2784BF2}.Debug|iPhone.Deploy.0 = Debug|Any CPU
		{9CD7C6BD-BD97-4A61-A754-1C91F2784BF2}.Debug|iPhoneSimulator.ActiveCfg = Debug|Any CPU
		{9CD7C6BD-BD97-4A61-A754-1C91F2784BF2}.Debug|iPhoneSimulator.Build.0 = Debug|Any CPU
		{9CD7C6BD-BD97-4A61-A754-1C91F2784BF2}.Debug|iPhoneSimulator.Deploy.0 = Debug|Any CPU
		{9CD7C6BD-BD97-4A61-A754-1C91F2784BF2}.Release|Any CPU.ActiveCfg = Release|Any CPU
		{9CD7C6BD-BD97-4A61-A754-1C91F2784BF2}.Release|Any CPU.Build.0 = Release|Any CPU
		{9CD7C6BD-BD97-4A61-A754-1C91F2784BF2}.Release|Any CPU.Deploy.0 = Release|Any CPU
		{9CD7C6BD-BD97-4A61-A754-1C91F2784BF2}.Release|iPhone.ActiveCfg = Release|Any CPU
		{9CD7C6BD-BD97-4A61-A754-1C91F2784BF2}.Release|iPhone.Build.0 = Release|Any CPU
		{9CD7C6BD-BD97-4A61-A754-1C91F2784BF2}.Release|iPhone.Deploy.0 = Release|Any CPU
		{9CD7C6BD-BD97-4A61-A754-1C91F2784BF2}.Release|iPhoneSimulator.ActiveCfg = Release|Any CPU
		{9CD7C6BD-BD97-4A61-A754-1C91F2784BF2}.Release|iPhoneSimulator.Build.0 = Release|Any CPU
		{9CD7C6BD-BD97-4A61-A754-1C91F2784BF2}.Release|iPhoneSimulator.Deploy.0 = Release|Any CPU
		{C5509C48-121E-41FB-95BC-C68FFEB9E8E6}.Ad-Hoc|Any CPU.ActiveCfg = Ad-Hoc|iPhone
		{C5509C48-121E-41FB-95BC-C68FFEB9E8E6}.Ad-Hoc|Any CPU.Build.0 = Ad-Hoc|iPhone
		{C5509C48-121E-41FB-95BC-C68FFEB9E8E6}.Ad-Hoc|Any CPU.Deploy.0 = Ad-Hoc|iPhone
		{C5509C48-121E-41FB-95BC-C68FFEB9E8E6}.Ad-Hoc|iPhone.ActiveCfg = Ad-Hoc|iPhone
		{C5509C48-121E-41FB-95BC-C68FFEB9E8E6}.Ad-Hoc|iPhone.Build.0 = Ad-Hoc|iPhone
		{C5509C48-121E-41FB-95BC-C68FFEB9E8E6}.Ad-Hoc|iPhone.Deploy.0 = Ad-Hoc|iPhone
		{C5509C48-121E-41FB-95BC-C68FFEB9E8E6}.Ad-Hoc|iPhoneSimulator.ActiveCfg = Ad-Hoc|iPhoneSimulator
		{C5509C48-121E-41FB-95BC-C68FFEB9E8E6}.Ad-Hoc|iPhoneSimulator.Build.0 = Ad-Hoc|iPhoneSimulator
		{C5509C48-121E-41FB-95BC-C68FFEB9E8E6}.Ad-Hoc|iPhoneSimulator.Deploy.0 = Ad-Hoc|iPhoneSimulator
		{C5509C48-121E-41FB-95BC-C68FFEB9E8E6}.AppStore|Any CPU.ActiveCfg = AppStore|iPhone
		{C5509C48-121E-41FB-95BC-C68FFEB9E8E6}.AppStore|Any CPU.Build.0 = AppStore|iPhone
		{C5509C48-121E-41FB-95BC-C68FFEB9E8E6}.AppStore|Any CPU.Deploy.0 = AppStore|iPhone
		{C5509C48-121E-41FB-95BC-C68FFEB9E8E6}.AppStore|iPhone.ActiveCfg = AppStore|iPhone
		{C5509C48-121E-41FB-95BC-C68FFEB9E8E6}.AppStore|iPhone.Build.0 = AppStore|iPhone
		{C5509C48-121E-41FB-95BC-C68FFEB9E8E6}.AppStore|iPhone.Deploy.0 = AppStore|iPhone
		{C5509C48-121E-41FB-95BC-C68FFEB9E8E6}.AppStore|iPhoneSimulator.ActiveCfg = AppStore|iPhoneSimulator
		{C5509C48-121E-41FB-95BC-C68FFEB9E8E6}.AppStore|iPhoneSimulator.Build.0 = AppStore|iPhoneSimulator
		{C5509C48-121E-41FB-95BC-C68FFEB9E8E6}.AppStore|iPhoneSimulator.Deploy.0 = AppStore|iPhoneSimulator
		{C5509C48-121E-41FB-95BC-C68FFEB9E8E6}.Debug|Any CPU.ActiveCfg = Debug|iPhoneSimulator
		{C5509C48-121E-41FB-95BC-C68FFEB9E8E6}.Debug|Any CPU.Build.0 = Debug|iPhoneSimulator
		{C5509C48-121E-41FB-95BC-C68FFEB9E8E6}.Debug|Any CPU.Deploy.0 = Debug|iPhoneSimulator
		{C5509C48-121E-41FB-95BC-C68FFEB9E8E6}.Debug|iPhone.ActiveCfg = Debug|iPhone
		{C5509C48-121E-41FB-95BC-C68FFEB9E8E6}.Debug|iPhone.Build.0 = Debug|iPhone
		{C5509C48-121E-41FB-95BC-C68FFEB9E8E6}.Debug|iPhone.Deploy.0 = Debug|iPhone
		{C5509C48-121E-41FB-95BC-C68FFEB9E8E6}.Debug|iPhoneSimulator.ActiveCfg = Debug|iPhoneSimulator
		{C5509C48-121E-41FB-95BC-C68FFEB9E8E6}.Debug|iPhoneSimulator.Build.0 = Debug|iPhoneSimulator
		{C5509C48-121E-41FB-95BC-C68FFEB9E8E6}.Debug|iPhoneSimulator.Deploy.0 = Debug|iPhoneSimulator
		{C5509C48-121E-41FB-95BC-C68FFEB9E8E6}.Release|Any CPU.ActiveCfg = Release|iPhone
		{C5509C48-121E-41FB-95BC-C68FFEB9E8E6}.Release|Any CPU.Build.0 = Release|iPhone
		{C5509C48-121E-41FB-95BC-C68FFEB9E8E6}.Release|Any CPU.Deploy.0 = Release|iPhone
		{C5509C48-121E-41FB-95BC-C68FFEB9E8E6}.Release|iPhone.ActiveCfg = Release|iPhone
		{C5509C48-121E-41FB-95BC-C68FFEB9E8E6}.Release|iPhone.Build.0 = Release|iPhone
		{C5509C48-121E-41FB-95BC-C68FFEB9E8E6}.Release|iPhone.Deploy.0 = Release|iPhone
		{C5509C48-121E-41FB-95BC-C68FFEB9E8E6}.Release|iPhoneSimulator.ActiveCfg = Release|iPhoneSimulator
		{C5509C48-121E-41FB-95BC-C68FFEB9E8E6}.Release|iPhoneSimulator.Build.0 = Release|iPhoneSimulator
		{C5509C48-121E-41FB-95BC-C68FFEB9E8E6}.Release|iPhoneSimulator.Deploy.0 = Release|iPhoneSimulator
		{6388321C-F082-4864-B6CC-2332C55DBF0D}.Ad-Hoc|Any CPU.ActiveCfg = Debug|Any CPU
		{6388321C-F082-4864-B6CC-2332C55DBF0D}.Ad-Hoc|Any CPU.Build.0 = Debug|Any CPU
		{6388321C-F082-4864-B6CC-2332C55DBF0D}.Ad-Hoc|Any CPU.Deploy.0 = Debug|Any CPU
		{6388321C-F082-4864-B6CC-2332C55DBF0D}.Ad-Hoc|iPhone.ActiveCfg = Debug|Any CPU
		{6388321C-F082-4864-B6CC-2332C55DBF0D}.Ad-Hoc|iPhone.Build.0 = Debug|Any CPU
		{6388321C-F082-4864-B6CC-2332C55DBF0D}.Ad-Hoc|iPhone.Deploy.0 = Debug|Any CPU
		{6388321C-F082-4864-B6CC-2332C55DBF0D}.Ad-Hoc|iPhoneSimulator.ActiveCfg = Debug|Any CPU
		{6388321C-F082-4864-B6CC-2332C55DBF0D}.Ad-Hoc|iPhoneSimulator.Build.0 = Debug|Any CPU
		{6388321C-F082-4864-B6CC-2332C55DBF0D}.Ad-Hoc|iPhoneSimulator.Deploy.0 = Debug|Any CPU
		{6388321C-F082-4864-B6CC-2332C55DBF0D}.AppStore|Any CPU.ActiveCfg = Debug|Any CPU
		{6388321C-F082-4864-B6CC-2332C55DBF0D}.AppStore|Any CPU.Build.0 = Debug|Any CPU
		{6388321C-F082-4864-B6CC-2332C55DBF0D}.AppStore|Any CPU.Deploy.0 = Debug|Any CPU
		{6388321C-F082-4864-B6CC-2332C55DBF0D}.AppStore|iPhone.ActiveCfg = Debug|Any CPU
		{6388321C-F082-4864-B6CC-2332C55DBF0D}.AppStore|iPhone.Build.0 = Debug|Any CPU
		{6388321C-F082-4864-B6CC-2332C55DBF0D}.AppStore|iPhone.Deploy.0 = Debug|Any CPU
		{6388321C-F082-4864-B6CC-2332C55DBF0D}.AppStore|iPhoneSimulator.ActiveCfg = Debug|Any CPU
		{6388321C-F082-4864-B6CC-2332C55DBF0D}.AppStore|iPhoneSimulator.Build.0 = Debug|Any CPU
		{6388321C-F082-4864-B6CC-2332C55DBF0D}.AppStore|iPhoneSimulator.Deploy.0 = Debug|Any CPU
		{6388321C-F082-4864-B6CC-2332C55DBF0D}.Debug|Any CPU.ActiveCfg = Debug|Any CPU
		{6388321C-F082-4864-B6CC-2332C55DBF0D}.Debug|Any CPU.Build.0 = Debug|Any CPU
		{6388321C-F082-4864-B6CC-2332C55DBF0D}.Debug|Any CPU.Deploy.0 = Debug|Any CPU
		{6388321C-F082-4864-B6CC-2332C55DBF0D}.Debug|iPhone.ActiveCfg = Debug|Any CPU
		{6388321C-F082-4864-B6CC-2332C55DBF0D}.Debug|iPhone.Build.0 = Debug|Any CPU
		{6388321C-F082-4864-B6CC-2332C55DBF0D}.Debug|iPhone.Deploy.0 = Debug|Any CPU
		{6388321C-F082-4864-B6CC-2332C55DBF0D}.Debug|iPhoneSimulator.ActiveCfg = Debug|Any CPU
		{6388321C-F082-4864-B6CC-2332C55DBF0D}.Debug|iPhoneSimulator.Build.0 = Debug|Any CPU
		{6388321C-F082-4864-B6CC-2332C55DBF0D}.Debug|iPhoneSimulator.Deploy.0 = Debug|Any CPU
		{6388321C-F082-4864-B6CC-2332C55DBF0D}.Release|Any CPU.ActiveCfg = Release|Any CPU
		{6388321C-F082-4864-B6CC-2332C55DBF0D}.Release|Any CPU.Build.0 = Release|Any CPU
		{6388321C-F082-4864-B6CC-2332C55DBF0D}.Release|Any CPU.Deploy.0 = Release|Any CPU
		{6388321C-F082-4864-B6CC-2332C55DBF0D}.Release|iPhone.ActiveCfg = Release|Any CPU
		{6388321C-F082-4864-B6CC-2332C55DBF0D}.Release|iPhone.Build.0 = Release|Any CPU
		{6388321C-F082-4864-B6CC-2332C55DBF0D}.Release|iPhone.Deploy.0 = Release|Any CPU
		{6388321C-F082-4864-B6CC-2332C55DBF0D}.Release|iPhoneSimulator.ActiveCfg = Release|Any CPU
		{6388321C-F082-4864-B6CC-2332C55DBF0D}.Release|iPhoneSimulator.Build.0 = Release|Any CPU
		{6388321C-F082-4864-B6CC-2332C55DBF0D}.Release|iPhoneSimulator.Deploy.0 = Release|Any CPU
	EndGlobalSection
	GlobalSection(SolutionProperties) = preSolution
		HideSolutionNode = FALSE
	EndGlobalSection
	GlobalSection(ExtensibilityGlobals) = postSolution
		SolutionGuid = {D2F10B1E-97CF-418F-9FCD-FC00AA68645E}
	EndGlobalSection
EndGlobal
